// !$*UTF8*$!
{
	archiveVersion = 1;
	classes = {
	};
	objectVersion = 46;
	objects = {

/* Begin PBXBuildFile section */
		934DA07B1BF75D2500890358 /* app.cpp in Sources */ = {isa = PBXBuildFile; fileRef = 934DA0741BF75D2500890358 /* app.cpp */; settings = {ASSET_TAGS = (); }; };
		934DA07C1BF75D2500890358 /* app.cpp in Sources */ = {isa = PBXBuildFile; fileRef = 934DA0741BF75D2500890358 /* app.cpp */; settings = {ASSET_TAGS = (); }; };
		934DA07D1BF75D2500890358 /* chat_connection.cpp in Sources */ = {isa = PBXBuildFile; fileRef = 934DA0771BF75D2500890358 /* chat_connection.cpp */; settings = {ASSET_TAGS = (); }; };
		934DA07E1BF75D2500890358 /* chat_connection.cpp in Sources */ = {isa = PBXBuildFile; fileRef = 934DA0771BF75D2500890358 /* chat_connection.cpp */; settings = {ASSET_TAGS = (); }; };
		934DA07F1BF75D2500890358 /* input_handler.cpp in Sources */ = {isa = PBXBuildFile; fileRef = 934DA0791BF75D2500890358 /* input_handler.cpp */; settings = {ASSET_TAGS = (); }; };
		934DA0801BF75D2500890358 /* input_handler.cpp in Sources */ = {isa = PBXBuildFile; fileRef = 934DA0791BF75D2500890358 /* input_handler.cpp */; settings = {ASSET_TAGS = (); }; };
		934DA08A1BF75D4600890358 /* chat_client.cpp in Sources */ = {isa = PBXBuildFile; fileRef = 934DA0821BF75D4600890358 /* chat_client.cpp */; settings = {ASSET_TAGS = (); }; };
		934DA08B1BF75D4600890358 /* chat_client_connection.cpp in Sources */ = {isa = PBXBuildFile; fileRef = 934DA0841BF75D4600890358 /* chat_client_connection.cpp */; settings = {ASSET_TAGS = (); }; };
		934DA08C1BF75D4600890358 /* client_app.cpp in Sources */ = {isa = PBXBuildFile; fileRef = 934DA0861BF75D4600890358 /* client_app.cpp */; settings = {ASSET_TAGS = (); }; };
		934DA08D1BF75D4600890358 /* client_options.cpp in Sources */ = {isa = PBXBuildFile; fileRef = 934DA0881BF75D4600890358 /* client_options.cpp */; settings = {ASSET_TAGS = (); }; };
		934DA0971BF75D5400890358 /* chat_server.cpp in Sources */ = {isa = PBXBuildFile; fileRef = 934DA08F1BF75D5400890358 /* chat_server.cpp */; settings = {ASSET_TAGS = (); }; };
		934DA0981BF75D5400890358 /* chat_server_connection.cpp in Sources */ = {isa = PBXBuildFile; fileRef = 934DA0911BF75D5400890358 /* chat_server_connection.cpp */; settings = {ASSET_TAGS = (); }; };
		934DA0991BF75D5400890358 /* server_app.cpp in Sources */ = {isa = PBXBuildFile; fileRef = 934DA0931BF75D5400890358 /* server_app.cpp */; settings = {ASSET_TAGS = (); }; };
		934DA09A1BF75D5400890358 /* server_options.cpp in Sources */ = {isa = PBXBuildFile; fileRef = 934DA0951BF75D5400890358 /* server_options.cpp */; settings = {ASSET_TAGS = (); }; };
		934DA0A61BF75D6500890358 /* chat_data_packet.cpp in Sources */ = {isa = PBXBuildFile; fileRef = 934DA09C1BF75D5F00890358 /* chat_data_packet.cpp */; settings = {ASSET_TAGS = (); }; };
		934DA0A71BF75D6500890358 /* chat_message.cpp in Sources */ = {isa = PBXBuildFile; fileRef = 934DA09E1BF75D5F00890358 /* chat_message.cpp */; settings = {ASSET_TAGS = (); }; };
		934DA0A81BF75D6500890358 /* chat_message_client_notice.cpp in Sources */ = {isa = PBXBuildFile; fileRef = 934DA0A01BF75D5F00890358 /* chat_message_client_notice.cpp */; settings = {ASSET_TAGS = (); }; };
		934DA0A91BF75D6500890358 /* chat_message_text.cpp in Sources */ = {isa = PBXBuildFile; fileRef = 934DA0A21BF75D5F00890358 /* chat_message_text.cpp */; settings = {ASSET_TAGS = (); }; };
		934DA0AA1BF75D6500890358 /* chat_message_text2.cpp in Sources */ = {isa = PBXBuildFile; fileRef = 934DA0A41BF75D5F00890358 /* chat_message_text2.cpp */; settings = {ASSET_TAGS = (); }; };
		934DA0AB1BF75D6500890358 /* chat_data_packet.cpp in Sources */ = {isa = PBXBuildFile; fileRef = 934DA09C1BF75D5F00890358 /* chat_data_packet.cpp */; settings = {ASSET_TAGS = (); }; };
		934DA0AC1BF75D6500890358 /* chat_message.cpp in Sources */ = {isa = PBXBuildFile; fileRef = 934DA09E1BF75D5F00890358 /* chat_message.cpp */; settings = {ASSET_TAGS = (); }; };
		934DA0AD1BF75D6500890358 /* chat_message_client_notice.cpp in Sources */ = {isa = PBXBuildFile; fileRef = 934DA0A01BF75D5F00890358 /* chat_message_client_notice.cpp */; settings = {ASSET_TAGS = (); }; };
		934DA0AE1BF75D6500890358 /* chat_message_text.cpp in Sources */ = {isa = PBXBuildFile; fileRef = 934DA0A21BF75D5F00890358 /* chat_message_text.cpp */; settings = {ASSET_TAGS = (); }; };
		934DA0AF1BF75D6500890358 /* chat_message_text2.cpp in Sources */ = {isa = PBXBuildFile; fileRef = 934DA0A41BF75D5F00890358 /* chat_message_text2.cpp */; settings = {ASSET_TAGS = (); }; };
		93898AEC1BEE40260049D1DC /* server.cpp in Sources */ = {isa = PBXBuildFile; fileRef = 93898AEB1BEE40260049D1DC /* server.cpp */; };
		93EB5EF21BEE4CC800B3A2C2 /* libboost_system.dylib in Frameworks */ = {isa = PBXBuildFile; fileRef = 93EB5EF11BEE4CC800B3A2C2 /* libboost_system.dylib */; };
		93EB5EF41BEE577F00B3A2C2 /* libboost_program_options.dylib in Frameworks */ = {isa = PBXBuildFile; fileRef = 93EB5EF31BEE577F00B3A2C2 /* libboost_program_options.dylib */; };
		93EB5EF61BEF84F300B3A2C2 /* libboost_serialization.dylib in Frameworks */ = {isa = PBXBuildFile; fileRef = 93EB5EF51BEF84F300B3A2C2 /* libboost_serialization.dylib */; };
		93EB5F0E1BEFD8DE00B3A2C2 /* libcryptopp.so in Frameworks */ = {isa = PBXBuildFile; fileRef = 93EB5F0C1BEFD86100B3A2C2 /* libcryptopp.so */; };
		93FA075F1BF1036C00DF5111 /* libcryptopp.so in Frameworks */ = {isa = PBXBuildFile; fileRef = 93EB5F0C1BEFD86100B3A2C2 /* libcryptopp.so */; };
		93FA07601BF1036C00DF5111 /* libboost_serialization.dylib in Frameworks */ = {isa = PBXBuildFile; fileRef = 93EB5EF51BEF84F300B3A2C2 /* libboost_serialization.dylib */; };
		93FA07611BF1036C00DF5111 /* libboost_program_options.dylib in Frameworks */ = {isa = PBXBuildFile; fileRef = 93EB5EF31BEE577F00B3A2C2 /* libboost_program_options.dylib */; };
		93FA07621BF1036C00DF5111 /* libboost_system.dylib in Frameworks */ = {isa = PBXBuildFile; fileRef = 93EB5EF11BEE4CC800B3A2C2 /* libboost_system.dylib */; };
		93FA07691BF1055F00DF5111 /* client.cpp in Sources */ = {isa = PBXBuildFile; fileRef = 93FA07681BF1055F00DF5111 /* client.cpp */; settings = {ASSET_TAGS = (); }; };
/* End PBXBuildFile section */

/* Begin PBXCopyFilesBuildPhase section */
		93898AE61BEE40260049D1DC /* CopyFiles */ = {
			isa = PBXCopyFilesBuildPhase;
			buildActionMask = 2147483647;
			dstPath = /usr/share/man/man1/;
			dstSubfolderSpec = 0;
			files = (
			);
			runOnlyForDeploymentPostprocessing = 1;
		};
		93FA07631BF1036C00DF5111 /* CopyFiles */ = {
			isa = PBXCopyFilesBuildPhase;
			buildActionMask = 2147483647;
			dstPath = /usr/share/man/man1/;
			dstSubfolderSpec = 0;
			files = (
			);
			runOnlyForDeploymentPostprocessing = 1;
		};
/* End PBXCopyFilesBuildPhase section */

/* Begin PBXFileReference section */
		934DA0741BF75D2500890358 /* app.cpp */ = {isa = PBXFileReference; fileEncoding = 4; lastKnownFileType = sourcecode.cpp.cpp; name = app.cpp; path = shared/app.cpp; sourceTree = "<group>"; };
		934DA0751BF75D2500890358 /* app.h */ = {isa = PBXFileReference; fileEncoding = 4; lastKnownFileType = sourcecode.c.h; name = app.h; path = shared/app.h; sourceTree = "<group>"; };
		934DA0761BF75D2500890358 /* chat_client_controller.h */ = {isa = PBXFileReference; fileEncoding = 4; lastKnownFileType = sourcecode.c.h; name = chat_client_controller.h; path = shared/chat_client_controller.h; sourceTree = "<group>"; };
		934DA0771BF75D2500890358 /* chat_connection.cpp */ = {isa = PBXFileReference; fileEncoding = 4; lastKnownFileType = sourcecode.cpp.cpp; name = chat_connection.cpp; path = shared/chat_connection.cpp; sourceTree = "<group>"; };
		934DA0781BF75D2500890358 /* chat_connection.h */ = {isa = PBXFileReference; fileEncoding = 4; lastKnownFileType = sourcecode.c.h; name = chat_connection.h; path = shared/chat_connection.h; sourceTree = "<group>"; };
		934DA0791BF75D2500890358 /* input_handler.cpp */ = {isa = PBXFileReference; fileEncoding = 4; lastKnownFileType = sourcecode.cpp.cpp; name = input_handler.cpp; path = shared/input_handler.cpp; sourceTree = "<group>"; };
		934DA07A1BF75D2500890358 /* input_handler.h */ = {isa = PBXFileReference; fileEncoding = 4; lastKnownFileType = sourcecode.c.h; name = input_handler.h; path = shared/input_handler.h; sourceTree = "<group>"; };
		934DA0821BF75D4600890358 /* chat_client.cpp */ = {isa = PBXFileReference; fileEncoding = 4; lastKnownFileType = sourcecode.cpp.cpp; path = chat_client.cpp; sourceTree = "<group>"; };
		934DA0831BF75D4600890358 /* chat_client.h */ = {isa = PBXFileReference; fileEncoding = 4; lastKnownFileType = sourcecode.c.h; path = chat_client.h; sourceTree = "<group>"; };
		934DA0841BF75D4600890358 /* chat_client_connection.cpp */ = {isa = PBXFileReference; fileEncoding = 4; lastKnownFileType = sourcecode.cpp.cpp; path = chat_client_connection.cpp; sourceTree = "<group>"; };
		934DA0851BF75D4600890358 /* chat_client_connection.h */ = {isa = PBXFileReference; fileEncoding = 4; lastKnownFileType = sourcecode.c.h; path = chat_client_connection.h; sourceTree = "<group>"; };
		934DA0861BF75D4600890358 /* client_app.cpp */ = {isa = PBXFileReference; fileEncoding = 4; lastKnownFileType = sourcecode.cpp.cpp; path = client_app.cpp; sourceTree = "<group>"; };
		934DA0871BF75D4600890358 /* client_app.h */ = {isa = PBXFileReference; fileEncoding = 4; lastKnownFileType = sourcecode.c.h; path = client_app.h; sourceTree = "<group>"; };
		934DA0881BF75D4600890358 /* client_options.cpp */ = {isa = PBXFileReference; fileEncoding = 4; lastKnownFileType = sourcecode.cpp.cpp; path = client_options.cpp; sourceTree = "<group>"; };
		934DA0891BF75D4600890358 /* client_options.h */ = {isa = PBXFileReference; fileEncoding = 4; lastKnownFileType = sourcecode.c.h; path = client_options.h; sourceTree = "<group>"; };
		934DA08F1BF75D5400890358 /* chat_server.cpp */ = {isa = PBXFileReference; fileEncoding = 4; lastKnownFileType = sourcecode.cpp.cpp; path = chat_server.cpp; sourceTree = "<group>"; };
		934DA0901BF75D5400890358 /* chat_server.h */ = {isa = PBXFileReference; fileEncoding = 4; lastKnownFileType = sourcecode.c.h; path = chat_server.h; sourceTree = "<group>"; };
		934DA0911BF75D5400890358 /* chat_server_connection.cpp */ = {isa = PBXFileReference; fileEncoding = 4; lastKnownFileType = sourcecode.cpp.cpp; path = chat_server_connection.cpp; sourceTree = "<group>"; };
		934DA0921BF75D5400890358 /* chat_server_connection.h */ = {isa = PBXFileReference; fileEncoding = 4; lastKnownFileType = sourcecode.c.h; path = chat_server_connection.h; sourceTree = "<group>"; };
		934DA0931BF75D5400890358 /* server_app.cpp */ = {isa = PBXFileReference; fileEncoding = 4; lastKnownFileType = sourcecode.cpp.cpp; path = server_app.cpp; sourceTree = "<group>"; };
		934DA0941BF75D5400890358 /* server_app.h */ = {isa = PBXFileReference; fileEncoding = 4; lastKnownFileType = sourcecode.c.h; path = server_app.h; sourceTree = "<group>"; };
		934DA0951BF75D5400890358 /* server_options.cpp */ = {isa = PBXFileReference; fileEncoding = 4; lastKnownFileType = sourcecode.cpp.cpp; path = server_options.cpp; sourceTree = "<group>"; };
		934DA0961BF75D5400890358 /* server_options.h */ = {isa = PBXFileReference; fileEncoding = 4; lastKnownFileType = sourcecode.c.h; path = server_options.h; sourceTree = "<group>"; };
		934DA09C1BF75D5F00890358 /* chat_data_packet.cpp */ = {isa = PBXFileReference; lastKnownFileType = sourcecode.cpp.cpp; path = chat_data_packet.cpp; sourceTree = "<group>"; };
		934DA09D1BF75D5F00890358 /* chat_data_packet.h */ = {isa = PBXFileReference; lastKnownFileType = sourcecode.c.h; path = chat_data_packet.h; sourceTree = "<group>"; };
		934DA09E1BF75D5F00890358 /* chat_message.cpp */ = {isa = PBXFileReference; lastKnownFileType = sourcecode.cpp.cpp; path = chat_message.cpp; sourceTree = "<group>"; };
		934DA09F1BF75D5F00890358 /* chat_message.h */ = {isa = PBXFileReference; lastKnownFileType = sourcecode.c.h; path = chat_message.h; sourceTree = "<group>"; };
		934DA0A01BF75D5F00890358 /* chat_message_client_notice.cpp */ = {isa = PBXFileReference; lastKnownFileType = sourcecode.cpp.cpp; path = chat_message_client_notice.cpp; sourceTree = "<group>"; };
		934DA0A11BF75D5F00890358 /* chat_message_client_notice.h */ = {isa = PBXFileReference; lastKnownFileType = sourcecode.c.h; path = chat_message_client_notice.h; sourceTree = "<group>"; };
		934DA0A21BF75D5F00890358 /* chat_message_text.cpp */ = {isa = PBXFileReference; lastKnownFileType = sourcecode.cpp.cpp; path = chat_message_text.cpp; sourceTree = "<group>"; };
		934DA0A31BF75D5F00890358 /* chat_message_text.h */ = {isa = PBXFileReference; lastKnownFileType = sourcecode.c.h; path = chat_message_text.h; sourceTree = "<group>"; };
		934DA0A41BF75D5F00890358 /* chat_message_text2.cpp */ = {isa = PBXFileReference; lastKnownFileType = sourcecode.cpp.cpp; path = chat_message_text2.cpp; sourceTree = "<group>"; };
		934DA0A51BF75D5F00890358 /* chat_message_text2.h */ = {isa = PBXFileReference; lastKnownFileType = sourcecode.c.h; path = chat_message_text2.h; sourceTree = "<group>"; };
		935499361BF5241A003D11E7 /* libboost_thread.dylib */ = {isa = PBXFileReference; lastKnownFileType = "compiled.mach-o.dylib"; name = libboost_thread.dylib; path = ../../../../../usr/local/lib/libboost_thread.dylib; sourceTree = "<group>"; };
		93898AE81BEE40260049D1DC /* server */ = {isa = PBXFileReference; explicitFileType = "compiled.mach-o.executable"; includeInIndex = 0; path = server; sourceTree = BUILT_PRODUCTS_DIR; };
		93898AEB1BEE40260049D1DC /* server.cpp */ = {isa = PBXFileReference; lastKnownFileType = sourcecode.cpp.cpp; path = server.cpp; sourceTree = "<group>"; };
		93EB5EF11BEE4CC800B3A2C2 /* libboost_system.dylib */ = {isa = PBXFileReference; lastKnownFileType = "compiled.mach-o.dylib"; name = libboost_system.dylib; path = ../../../../../usr/local/lib/libboost_system.dylib; sourceTree = "<group>"; };
		93EB5EF31BEE577F00B3A2C2 /* libboost_program_options.dylib */ = {isa = PBXFileReference; lastKnownFileType = "compiled.mach-o.dylib"; name = libboost_program_options.dylib; path = ../../../../../usr/local/lib/libboost_program_options.dylib; sourceTree = "<group>"; };
		93EB5EF51BEF84F300B3A2C2 /* libboost_serialization.dylib */ = {isa = PBXFileReference; lastKnownFileType = "compiled.mach-o.dylib"; name = libboost_serialization.dylib; path = ../../../../../usr/local/lib/libboost_serialization.dylib; sourceTree = "<group>"; };
		93EB5F0C1BEFD86100B3A2C2 /* libcryptopp.so */ = {isa = PBXFileReference; lastKnownFileType = "compiled.mach-o.dylib"; name = libcryptopp.so; path = ../../../../../usr/local/lib/libcryptopp.so; sourceTree = "<group>"; };
		93FA07671BF1036C00DF5111 /* client */ = {isa = PBXFileReference; explicitFileType = "compiled.mach-o.executable"; includeInIndex = 0; path = client; sourceTree = BUILT_PRODUCTS_DIR; };
		93FA07681BF1055F00DF5111 /* client.cpp */ = {isa = PBXFileReference; fileEncoding = 4; lastKnownFileType = sourcecode.cpp.cpp; path = client.cpp; sourceTree = "<group>"; };
/* End PBXFileReference section */

/* Begin PBXFrameworksBuildPhase section */
		93898AE51BEE40260049D1DC /* Frameworks */ = {
			isa = PBXFrameworksBuildPhase;
			buildActionMask = 2147483647;
			files = (
				93EB5F0E1BEFD8DE00B3A2C2 /* libcryptopp.so in Frameworks */,
				93EB5EF61BEF84F300B3A2C2 /* libboost_serialization.dylib in Frameworks */,
				93EB5EF41BEE577F00B3A2C2 /* libboost_program_options.dylib in Frameworks */,
				93EB5EF21BEE4CC800B3A2C2 /* libboost_system.dylib in Frameworks */,
			);
			runOnlyForDeploymentPostprocessing = 0;
		};
		93FA075E1BF1036C00DF5111 /* Frameworks */ = {
			isa = PBXFrameworksBuildPhase;
			buildActionMask = 2147483647;
			files = (
				93FA075F1BF1036C00DF5111 /* libcryptopp.so in Frameworks */,
				93FA07601BF1036C00DF5111 /* libboost_serialization.dylib in Frameworks */,
				93FA07611BF1036C00DF5111 /* libboost_program_options.dylib in Frameworks */,
				93FA07621BF1036C00DF5111 /* libboost_system.dylib in Frameworks */,
			);
			runOnlyForDeploymentPostprocessing = 0;
		};
/* End PBXFrameworksBuildPhase section */

/* Begin PBXGroup section */
		934DA0731BF75D1100890358 /* shared */ = {
			isa = PBXGroup;
			children = (
				934DA0741BF75D2500890358 /* app.cpp */,
				934DA0751BF75D2500890358 /* app.h */,
				934DA0761BF75D2500890358 /* chat_client_controller.h */,
				934DA0771BF75D2500890358 /* chat_connection.cpp */,
				934DA0781BF75D2500890358 /* chat_connection.h */,
				934DA0791BF75D2500890358 /* input_handler.cpp */,
				934DA07A1BF75D2500890358 /* input_handler.h */,
			);
			name = shared;
			sourceTree = "<group>";
		};
		934DA0811BF75D4600890358 /* client */ = {
			isa = PBXGroup;
			children = (
				934DA0821BF75D4600890358 /* chat_client.cpp */,
				934DA0831BF75D4600890358 /* chat_client.h */,
				934DA0841BF75D4600890358 /* chat_client_connection.cpp */,
				934DA0851BF75D4600890358 /* chat_client_connection.h */,
				934DA0861BF75D4600890358 /* client_app.cpp */,
				934DA0871BF75D4600890358 /* client_app.h */,
				934DA0881BF75D4600890358 /* client_options.cpp */,
				934DA0891BF75D4600890358 /* client_options.h */,
			);
			path = client;
			sourceTree = "<group>";
		};
		934DA08E1BF75D5400890358 /* server */ = {
			isa = PBXGroup;
			children = (
				934DA08F1BF75D5400890358 /* chat_server.cpp */,
				934DA0901BF75D5400890358 /* chat_server.h */,
				934DA0911BF75D5400890358 /* chat_server_connection.cpp */,
				934DA0921BF75D5400890358 /* chat_server_connection.h */,
				934DA0931BF75D5400890358 /* server_app.cpp */,
				934DA0941BF75D5400890358 /* server_app.h */,
				934DA0951BF75D5400890358 /* server_options.cpp */,
				934DA0961BF75D5400890358 /* server_options.h */,
			);
			path = server;
			sourceTree = "<group>";
		};
		934DA09B1BF75D5F00890358 /* messages */ = {
			isa = PBXGroup;
			children = (
				934DA09C1BF75D5F00890358 /* chat_data_packet.cpp */,
				934DA09D1BF75D5F00890358 /* chat_data_packet.h */,
				934DA09E1BF75D5F00890358 /* chat_message.cpp */,
				934DA09F1BF75D5F00890358 /* chat_message.h */,
				934DA0A01BF75D5F00890358 /* chat_message_client_notice.cpp */,
				934DA0A11BF75D5F00890358 /* chat_message_client_notice.h */,
				934DA0A21BF75D5F00890358 /* chat_message_text.cpp */,
				934DA0A31BF75D5F00890358 /* chat_message_text.h */,
				934DA0A41BF75D5F00890358 /* chat_message_text2.cpp */,
				934DA0A51BF75D5F00890358 /* chat_message_text2.h */,
			);
			path = messages;
			sourceTree = "<group>";
		};
		93898ADF1BEE40260049D1DC = {
			isa = PBXGroup;
			children = (
				935499361BF5241A003D11E7 /* libboost_thread.dylib */,
				93EB5F0C1BEFD86100B3A2C2 /* libcryptopp.so */,
				93EB5EF51BEF84F300B3A2C2 /* libboost_serialization.dylib */,
				93EB5EF31BEE577F00B3A2C2 /* libboost_program_options.dylib */,
				93EB5EF11BEE4CC800B3A2C2 /* libboost_system.dylib */,
				93898AEA1BEE40260049D1DC /* async_chat */,
				93898AE91BEE40260049D1DC /* Products */,
			);
			sourceTree = "<group>";
		};
		93898AE91BEE40260049D1DC /* Products */ = {
			isa = PBXGroup;
			children = (
				93898AE81BEE40260049D1DC /* server */,
				93FA07671BF1036C00DF5111 /* client */,
			);
			name = Products;
			sourceTree = "<group>";
		};
		93898AEA1BEE40260049D1DC /* async_chat */ = {
			isa = PBXGroup;
			children = (
				934DA09B1BF75D5F00890358 /* messages */,
				934DA08E1BF75D5400890358 /* server */,
				934DA0811BF75D4600890358 /* client */,
				934DA0731BF75D1100890358 /* shared */,
				93898AEB1BEE40260049D1DC /* server.cpp */,
				93FA07681BF1055F00DF5111 /* client.cpp */,
			);
			path = async_chat;
			sourceTree = "<group>";
		};
/* End PBXGroup section */

/* Begin PBXNativeTarget section */
		93898AE71BEE40260049D1DC /* server */ = {
			isa = PBXNativeTarget;
			buildConfigurationList = 93898AEF1BEE40260049D1DC /* Build configuration list for PBXNativeTarget "server" */;
			buildPhases = (
				93898AE41BEE40260049D1DC /* Sources */,
				93898AE51BEE40260049D1DC /* Frameworks */,
				93898AE61BEE40260049D1DC /* CopyFiles */,
			);
			buildRules = (
			);
			dependencies = (
			);
			name = server;
			productName = async_chat;
			productReference = 93898AE81BEE40260049D1DC /* server */;
			productType = "com.apple.product-type.tool";
		};
		93FA07501BF1036C00DF5111 /* client */ = {
			isa = PBXNativeTarget;
			buildConfigurationList = 93FA07641BF1036C00DF5111 /* Build configuration list for PBXNativeTarget "client" */;
			buildPhases = (
				93FA07511BF1036C00DF5111 /* Sources */,
				93FA075E1BF1036C00DF5111 /* Frameworks */,
				93FA07631BF1036C00DF5111 /* CopyFiles */,
			);
			buildRules = (
			);
			dependencies = (
			);
			name = client;
			productName = async_chat;
			productReference = 93FA07671BF1036C00DF5111 /* client */;
			productType = "com.apple.product-type.tool";
		};
/* End PBXNativeTarget section */

/* Begin PBXProject section */
		93898AE01BEE40260049D1DC /* Project object */ = {
			isa = PBXProject;
			attributes = {
				LastUpgradeCheck = 0700;
				ORGANIZATIONNAME = Reinis;
				TargetAttributes = {
					93898AE71BEE40260049D1DC = {
						CreatedOnToolsVersion = 7.0.1;
					};
				};
			};
			buildConfigurationList = 93898AE31BEE40260049D1DC /* Build configuration list for PBXProject "async_chat" */;
			compatibilityVersion = "Xcode 3.2";
			developmentRegion = English;
			hasScannedForEncodings = 0;
			knownRegions = (
				en,
			);
			mainGroup = 93898ADF1BEE40260049D1DC;
			productRefGroup = 93898AE91BEE40260049D1DC /* Products */;
			projectDirPath = "";
			projectRoot = "";
			targets = (
				93898AE71BEE40260049D1DC /* server */,
				93FA07501BF1036C00DF5111 /* client */,
			);
		};
/* End PBXProject section */

/* Begin PBXSourcesBuildPhase section */
		93898AE41BEE40260049D1DC /* Sources */ = {
			isa = PBXSourcesBuildPhase;
			buildActionMask = 2147483647;
			files = (
				934DA07D1BF75D2500890358 /* chat_connection.cpp in Sources */,
				93898AEC1BEE40260049D1DC /* server.cpp in Sources */,
				934DA0981BF75D5400890358 /* chat_server_connection.cpp in Sources */,
				934DA0AA1BF75D6500890358 /* chat_message_text2.cpp in Sources */,
				934DA0A61BF75D6500890358 /* chat_data_packet.cpp in Sources */,
				934DA07B1BF75D2500890358 /* app.cpp in Sources */,
				934DA0A81BF75D6500890358 /* chat_message_client_notice.cpp in Sources */,
				934DA0971BF75D5400890358 /* chat_server.cpp in Sources */,
				934DA09A1BF75D5400890358 /* server_options.cpp in Sources */,
				934DA0A71BF75D6500890358 /* chat_message.cpp in Sources */,
				934DA0991BF75D5400890358 /* server_app.cpp in Sources */,
				934DA0A91BF75D6500890358 /* chat_message_text.cpp in Sources */,
				934DA07F1BF75D2500890358 /* input_handler.cpp in Sources */,
			);
			runOnlyForDeploymentPostprocessing = 0;
		};
		93FA07511BF1036C00DF5111 /* Sources */ = {
			isa = PBXSourcesBuildPhase;
			buildActionMask = 2147483647;
			files = (
				934DA07E1BF75D2500890358 /* chat_connection.cpp in Sources */,
				93FA07691BF1055F00DF5111 /* client.cpp in Sources */,
				934DA07C1BF75D2500890358 /* app.cpp in Sources */,
				934DA0AF1BF75D6500890358 /* chat_message_text2.cpp in Sources */,
				934DA0AB1BF75D6500890358 /* chat_data_packet.cpp in Sources */,
				934DA08C1BF75D4600890358 /* client_app.cpp in Sources */,
				934DA0AD1BF75D6500890358 /* chat_message_client_notice.cpp in Sources */,
				934DA08A1BF75D4600890358 /* chat_client.cpp in Sources */,
				934DA08D1BF75D4600890358 /* client_options.cpp in Sources */,
				934DA0AC1BF75D6500890358 /* chat_message.cpp in Sources */,
				934DA08B1BF75D4600890358 /* chat_client_connection.cpp in Sources */,
				934DA0AE1BF75D6500890358 /* chat_message_text.cpp in Sources */,
				934DA0801BF75D2500890358 /* input_handler.cpp in Sources */,
			);
			runOnlyForDeploymentPostprocessing = 0;
		};
/* End PBXSourcesBuildPhase section */

/* Begin XCBuildConfiguration section */
		93898AED1BEE40260049D1DC /* Debug */ = {
			isa = XCBuildConfiguration;
			buildSettings = {
				ALWAYS_SEARCH_USER_PATHS = NO;
				CLANG_CXX_LANGUAGE_STANDARD = "gnu++0x";
				CLANG_CXX_LIBRARY = "libc++";
				CLANG_ENABLE_MODULES = YES;
				CLANG_ENABLE_OBJC_ARC = YES;
				CLANG_WARN_BOOL_CONVERSION = YES;
				CLANG_WARN_CONSTANT_CONVERSION = YES;
				CLANG_WARN_DIRECT_OBJC_ISA_USAGE = YES_ERROR;
				CLANG_WARN_EMPTY_BODY = YES;
				CLANG_WARN_ENUM_CONVERSION = YES;
				CLANG_WARN_INT_CONVERSION = YES;
				CLANG_WARN_OBJC_ROOT_CLASS = YES_ERROR;
				CLANG_WARN_UNREACHABLE_CODE = YES;
				CLANG_WARN__DUPLICATE_METHOD_MATCH = YES;
				COPY_PHASE_STRIP = NO;
				DEBUG_INFORMATION_FORMAT = dwarf;
				ENABLE_STRICT_OBJC_MSGSEND = YES;
				ENABLE_TESTABILITY = YES;
				GCC_C_LANGUAGE_STANDARD = gnu99;
				GCC_DYNAMIC_NO_PIC = NO;
				GCC_NO_COMMON_BLOCKS = YES;
				GCC_OPTIMIZATION_LEVEL = 0;
				GCC_PREPROCESSOR_DEFINITIONS = (
					"DEBUG=1",
					"$(inherited)",
				);
				GCC_WARN_64_TO_32_BIT_CONVERSION = YES;
				GCC_WARN_ABOUT_RETURN_TYPE = YES_ERROR;
				GCC_WARN_UNDECLARED_SELECTOR = YES;
				GCC_WARN_UNINITIALIZED_AUTOS = YES_AGGRESSIVE;
				GCC_WARN_UNUSED_FUNCTION = YES;
				GCC_WARN_UNUSED_VARIABLE = YES;
				HEADER_SEARCH_PATHS = /usr/local/include;
				LIBRARY_SEARCH_PATHS = /usr/local/lib;
				MACOSX_DEPLOYMENT_TARGET = 10.10;
				MTL_ENABLE_DEBUG_INFO = YES;
				ONLY_ACTIVE_ARCH = YES;
				SDKROOT = macosx;
			};
			name = Debug;
		};
		93898AEE1BEE40260049D1DC /* Release */ = {
			isa = XCBuildConfiguration;
			buildSettings = {
				ALWAYS_SEARCH_USER_PATHS = NO;
				CLANG_CXX_LANGUAGE_STANDARD = "gnu++0x";
				CLANG_CXX_LIBRARY = "libc++";
				CLANG_ENABLE_MODULES = YES;
				CLANG_ENABLE_OBJC_ARC = YES;
				CLANG_WARN_BOOL_CONVERSION = YES;
				CLANG_WARN_CONSTANT_CONVERSION = YES;
				CLANG_WARN_DIRECT_OBJC_ISA_USAGE = YES_ERROR;
				CLANG_WARN_EMPTY_BODY = YES;
				CLANG_WARN_ENUM_CONVERSION = YES;
				CLANG_WARN_INT_CONVERSION = YES;
				CLANG_WARN_OBJC_ROOT_CLASS = YES_ERROR;
				CLANG_WARN_UNREACHABLE_CODE = YES;
				CLANG_WARN__DUPLICATE_METHOD_MATCH = YES;
				COPY_PHASE_STRIP = NO;
				DEBUG_INFORMATION_FORMAT = "dwarf-with-dsym";
				ENABLE_NS_ASSERTIONS = NO;
				ENABLE_STRICT_OBJC_MSGSEND = YES;
				GCC_C_LANGUAGE_STANDARD = gnu99;
				GCC_NO_COMMON_BLOCKS = YES;
				GCC_WARN_64_TO_32_BIT_CONVERSION = YES;
				GCC_WARN_ABOUT_RETURN_TYPE = YES_ERROR;
				GCC_WARN_UNDECLARED_SELECTOR = YES;
				GCC_WARN_UNINITIALIZED_AUTOS = YES_AGGRESSIVE;
				GCC_WARN_UNUSED_FUNCTION = YES;
				GCC_WARN_UNUSED_VARIABLE = YES;
				HEADER_SEARCH_PATHS = /usr/local/include;
				LIBRARY_SEARCH_PATHS = /usr/local/lib;
				MACOSX_DEPLOYMENT_TARGET = 10.10;
				MTL_ENABLE_DEBUG_INFO = NO;
				SDKROOT = macosx;
			};
			name = Release;
		};
		93898AF01BEE40260049D1DC /* Debug */ = {
			isa = XCBuildConfiguration;
			buildSettings = {
				PRODUCT_NAME = "$(TARGET_NAME)";
			};
			name = Debug;
		};
		93898AF11BEE40260049D1DC /* Release */ = {
			isa = XCBuildConfiguration;
			buildSettings = {
				PRODUCT_NAME = "$(TARGET_NAME)";
			};
			name = Release;
		};
		93FA07651BF1036C00DF5111 /* Debug */ = {
			isa = XCBuildConfiguration;
			buildSettings = {
				PRODUCT_NAME = "$(TARGET_NAME)";
			};
			name = Debug;
		};
		93FA07661BF1036C00DF5111 /* Release */ = {
			isa = XCBuildConfiguration;
			buildSettings = {
				PRODUCT_NAME = "$(TARGET_NAME)";
			};
			name = Release;
		};
/* End XCBuildConfiguration section */

/* Begin XCConfigurationList section */
		93898AE31BEE40260049D1DC /* Build configuration list for PBXProject "async_chat" */ = {
			isa = XCConfigurationList;
			buildConfigurations = (
				93898AED1BEE40260049D1DC /* Debug */,
				93898AEE1BEE40260049D1DC /* Release */,
			);
			defaultConfigurationIsVisible = 0;
			defaultConfigurationName = Release;
		};
		93898AEF1BEE40260049D1DC /* Build configuration list for PBXNativeTarget "server" */ = {
			isa = XCConfigurationList;
			buildConfigurations = (
				93898AF01BEE40260049D1DC /* Debug */,
				93898AF11BEE40260049D1DC /* Release */,
			);
			defaultConfigurationIsVisible = 0;
			defaultConfigurationName = Release;
		};
		93FA07641BF1036C00DF5111 /* Build configuration list for PBXNativeTarget "client" */ = {
			isa = XCConfigurationList;
			buildConfigurations = (
				93FA07651BF1036C00DF5111 /* Debug */,
				93FA07661BF1036C00DF5111 /* Release */,
			);
			defaultConfigurationIsVisible = 0;
			defaultConfigurationName = Release;
		};
/* End XCConfigurationList section */
	};
	rootObject = 93898AE01BEE40260049D1DC /* Project object */;
}
