// !$*UTF8*$!
{
	archiveVersion = 1;
	classes = {
	};
	objectVersion = 46;
	objects = {

/* Begin PBXBuildFile section */
		9354993D1BF64F1E003D11E7 /* app.cpp in Sources */ = {isa = PBXBuildFile; fileRef = 9354993C1BF64F1E003D11E7 /* app.cpp */; settings = {ASSET_TAGS = (); }; };
		9354993E1BF651C1003D11E7 /* client_app.cpp in Sources */ = {isa = PBXBuildFile; fileRef = 9354993A1BF649F0003D11E7 /* client_app.cpp */; settings = {ASSET_TAGS = (); }; };
		9354993F1BF651FB003D11E7 /* app.cpp in Sources */ = {isa = PBXBuildFile; fileRef = 9354993C1BF64F1E003D11E7 /* app.cpp */; settings = {ASSET_TAGS = (); }; };
		935499421BF65861003D11E7 /* server_app.cpp in Sources */ = {isa = PBXBuildFile; fileRef = 935499411BF65861003D11E7 /* server_app.cpp */; settings = {ASSET_TAGS = (); }; };
		93898AEC1BEE40260049D1DC /* server.cpp in Sources */ = {isa = PBXBuildFile; fileRef = 93898AEB1BEE40260049D1DC /* server.cpp */; };
		93EB5EF21BEE4CC800B3A2C2 /* libboost_system.dylib in Frameworks */ = {isa = PBXBuildFile; fileRef = 93EB5EF11BEE4CC800B3A2C2 /* libboost_system.dylib */; };
		93EB5EF41BEE577F00B3A2C2 /* libboost_program_options.dylib in Frameworks */ = {isa = PBXBuildFile; fileRef = 93EB5EF31BEE577F00B3A2C2 /* libboost_program_options.dylib */; };
		93EB5EF61BEF84F300B3A2C2 /* libboost_serialization.dylib in Frameworks */ = {isa = PBXBuildFile; fileRef = 93EB5EF51BEF84F300B3A2C2 /* libboost_serialization.dylib */; };
		93EB5F051BEFD0AC00B3A2C2 /* chat_data_packet.cpp in Sources */ = {isa = PBXBuildFile; fileRef = 93EB5F031BEFD0AC00B3A2C2 /* chat_data_packet.cpp */; settings = {ASSET_TAGS = (); }; };
		93EB5F071BEFD29700B3A2C2 /* chat_server.cpp in Sources */ = {isa = PBXBuildFile; fileRef = 93EB5F061BEFD29700B3A2C2 /* chat_server.cpp */; settings = {ASSET_TAGS = (); }; };
		93EB5F091BEFD46400B3A2C2 /* chat_connection.cpp in Sources */ = {isa = PBXBuildFile; fileRef = 93EB5F081BEFD46400B3A2C2 /* chat_connection.cpp */; settings = {ASSET_TAGS = (); }; };
		93EB5F0B1BEFD78000B3A2C2 /* input_handler.cpp in Sources */ = {isa = PBXBuildFile; fileRef = 93EB5F0A1BEFD78000B3A2C2 /* input_handler.cpp */; settings = {ASSET_TAGS = (); }; };
		93EB5F0E1BEFD8DE00B3A2C2 /* libcryptopp.so in Frameworks */ = {isa = PBXBuildFile; fileRef = 93EB5F0C1BEFD86100B3A2C2 /* libcryptopp.so */; };
		93EB5F101BEFD90E00B3A2C2 /* chat_message.cpp in Sources */ = {isa = PBXBuildFile; fileRef = 93EB5F0F1BEFD90E00B3A2C2 /* chat_message.cpp */; settings = {ASSET_TAGS = (); }; };
		93FA07441BF0FBAB00DF5111 /* chat_message_text.cpp in Sources */ = {isa = PBXBuildFile; fileRef = 93FA07431BF0FBAB00DF5111 /* chat_message_text.cpp */; settings = {ASSET_TAGS = (); }; };
		93FA07461BF0FD2000DF5111 /* chat_message_text2.cpp in Sources */ = {isa = PBXBuildFile; fileRef = 93FA07451BF0FD2000DF5111 /* chat_message_text2.cpp */; settings = {ASSET_TAGS = (); }; };
		93FA07481BF0FD8700DF5111 /* chat_message_client_notice.cpp in Sources */ = {isa = PBXBuildFile; fileRef = 93FA07471BF0FD8700DF5111 /* chat_message_client_notice.cpp */; settings = {ASSET_TAGS = (); }; };
		93FA074A1BF0FE1200DF5111 /* chat_server_connection.cpp in Sources */ = {isa = PBXBuildFile; fileRef = 93FA07491BF0FE1200DF5111 /* chat_server_connection.cpp */; settings = {ASSET_TAGS = (); }; };
		93FA074F1BF1019B00DF5111 /* server_options.cpp in Sources */ = {isa = PBXBuildFile; fileRef = 93FA074D1BF1019B00DF5111 /* server_options.cpp */; settings = {ASSET_TAGS = (); }; };
		93FA07521BF1036C00DF5111 /* chat_message_text.cpp in Sources */ = {isa = PBXBuildFile; fileRef = 93FA07431BF0FBAB00DF5111 /* chat_message_text.cpp */; settings = {ASSET_TAGS = (); }; };
		93FA07531BF1036C00DF5111 /* chat_message_text2.cpp in Sources */ = {isa = PBXBuildFile; fileRef = 93FA07451BF0FD2000DF5111 /* chat_message_text2.cpp */; settings = {ASSET_TAGS = (); }; };
		93FA07551BF1036C00DF5111 /* input_handler.cpp in Sources */ = {isa = PBXBuildFile; fileRef = 93EB5F0A1BEFD78000B3A2C2 /* input_handler.cpp */; settings = {ASSET_TAGS = (); }; };
		93FA07561BF1036C00DF5111 /* chat_data_packet.cpp in Sources */ = {isa = PBXBuildFile; fileRef = 93EB5F031BEFD0AC00B3A2C2 /* chat_data_packet.cpp */; settings = {ASSET_TAGS = (); }; };
		93FA07581BF1036C00DF5111 /* chat_message_client_notice.cpp in Sources */ = {isa = PBXBuildFile; fileRef = 93FA07471BF0FD8700DF5111 /* chat_message_client_notice.cpp */; settings = {ASSET_TAGS = (); }; };
		93FA07591BF1036C00DF5111 /* chat_client_connection.cpp in Sources */ = {isa = PBXBuildFile; fileRef = 93FA074B1BF0FE9300DF5111 /* chat_client_connection.cpp */; settings = {ASSET_TAGS = (); }; };
		93FA075B1BF1036C00DF5111 /* chat_message.cpp in Sources */ = {isa = PBXBuildFile; fileRef = 93EB5F0F1BEFD90E00B3A2C2 /* chat_message.cpp */; settings = {ASSET_TAGS = (); }; };
		93FA075D1BF1036C00DF5111 /* chat_connection.cpp in Sources */ = {isa = PBXBuildFile; fileRef = 93EB5F081BEFD46400B3A2C2 /* chat_connection.cpp */; settings = {ASSET_TAGS = (); }; };
		93FA075F1BF1036C00DF5111 /* libcryptopp.so in Frameworks */ = {isa = PBXBuildFile; fileRef = 93EB5F0C1BEFD86100B3A2C2 /* libcryptopp.so */; };
		93FA07601BF1036C00DF5111 /* libboost_serialization.dylib in Frameworks */ = {isa = PBXBuildFile; fileRef = 93EB5EF51BEF84F300B3A2C2 /* libboost_serialization.dylib */; };
		93FA07611BF1036C00DF5111 /* libboost_program_options.dylib in Frameworks */ = {isa = PBXBuildFile; fileRef = 93EB5EF31BEE577F00B3A2C2 /* libboost_program_options.dylib */; };
		93FA07621BF1036C00DF5111 /* libboost_system.dylib in Frameworks */ = {isa = PBXBuildFile; fileRef = 93EB5EF11BEE4CC800B3A2C2 /* libboost_system.dylib */; };
		93FA07691BF1055F00DF5111 /* client.cpp in Sources */ = {isa = PBXBuildFile; fileRef = 93FA07681BF1055F00DF5111 /* client.cpp */; settings = {ASSET_TAGS = (); }; };
		93FA076C1BF1060000DF5111 /* client_options.cpp in Sources */ = {isa = PBXBuildFile; fileRef = 93FA076A1BF1060000DF5111 /* client_options.cpp */; settings = {ASSET_TAGS = (); }; };
		93FA076F1BF108D200DF5111 /* chat_client.cpp in Sources */ = {isa = PBXBuildFile; fileRef = 93FA076D1BF108D200DF5111 /* chat_client.cpp */; settings = {ASSET_TAGS = (); }; };
/* End PBXBuildFile section */

/* Begin PBXCopyFilesBuildPhase section */
		93898AE61BEE40260049D1DC /* CopyFiles */ = {
			isa = PBXCopyFilesBuildPhase;
			buildActionMask = 2147483647;
			dstPath = /usr/share/man/man1/;
			dstSubfolderSpec = 0;
			files = (
			);
			runOnlyForDeploymentPostprocessing = 1;
		};
		93FA07631BF1036C00DF5111 /* CopyFiles */ = {
			isa = PBXCopyFilesBuildPhase;
			buildActionMask = 2147483647;
			dstPath = /usr/share/man/man1/;
			dstSubfolderSpec = 0;
			files = (
			);
			runOnlyForDeploymentPostprocessing = 1;
		};
/* End PBXCopyFilesBuildPhase section */

/* Begin PBXFileReference section */
		935499361BF5241A003D11E7 /* libboost_thread.dylib */ = {isa = PBXFileReference; lastKnownFileType = "compiled.mach-o.dylib"; name = libboost_thread.dylib; path = ../../../../../usr/local/lib/libboost_thread.dylib; sourceTree = "<group>"; };
		935499381BF63A95003D11E7 /* app.h */ = {isa = PBXFileReference; lastKnownFileType = sourcecode.c.h; path = app.h; sourceTree = "<group>"; };
		935499391BF64838003D11E7 /* client_app.h */ = {isa = PBXFileReference; lastKnownFileType = sourcecode.c.h; path = client_app.h; sourceTree = "<group>"; };
		9354993A1BF649F0003D11E7 /* client_app.cpp */ = {isa = PBXFileReference; fileEncoding = 4; lastKnownFileType = sourcecode.cpp.cpp; path = client_app.cpp; sourceTree = "<group>"; };
		9354993C1BF64F1E003D11E7 /* app.cpp */ = {isa = PBXFileReference; fileEncoding = 4; lastKnownFileType = sourcecode.cpp.cpp; path = app.cpp; sourceTree = "<group>"; };
		935499401BF657EA003D11E7 /* server_app.h */ = {isa = PBXFileReference; lastKnownFileType = sourcecode.c.h; path = server_app.h; sourceTree = "<group>"; };
		935499411BF65861003D11E7 /* server_app.cpp */ = {isa = PBXFileReference; fileEncoding = 4; lastKnownFileType = sourcecode.cpp.cpp; path = server_app.cpp; sourceTree = "<group>"; };
		93898AE81BEE40260049D1DC /* server */ = {isa = PBXFileReference; explicitFileType = "compiled.mach-o.executable"; includeInIndex = 0; path = server; sourceTree = BUILT_PRODUCTS_DIR; };
		93898AEB1BEE40260049D1DC /* server.cpp */ = {isa = PBXFileReference; lastKnownFileType = sourcecode.cpp.cpp; path = server.cpp; sourceTree = "<group>"; };
		93EB5EF11BEE4CC800B3A2C2 /* libboost_system.dylib */ = {isa = PBXFileReference; lastKnownFileType = "compiled.mach-o.dylib"; name = libboost_system.dylib; path = ../../../../../usr/local/lib/libboost_system.dylib; sourceTree = "<group>"; };
		93EB5EF31BEE577F00B3A2C2 /* libboost_program_options.dylib */ = {isa = PBXFileReference; lastKnownFileType = "compiled.mach-o.dylib"; name = libboost_program_options.dylib; path = ../../../../../usr/local/lib/libboost_program_options.dylib; sourceTree = "<group>"; };
		93EB5EF51BEF84F300B3A2C2 /* libboost_serialization.dylib */ = {isa = PBXFileReference; lastKnownFileType = "compiled.mach-o.dylib"; name = libboost_serialization.dylib; path = ../../../../../usr/local/lib/libboost_serialization.dylib; sourceTree = "<group>"; };
		93EB5EF81BEFCB4600B3A2C2 /* chat_message.h */ = {isa = PBXFileReference; lastKnownFileType = sourcecode.c.h; path = chat_message.h; sourceTree = "<group>"; };
		93EB5EF91BEFCBB300B3A2C2 /* chat_message_client_notice.h */ = {isa = PBXFileReference; lastKnownFileType = sourcecode.c.h; path = chat_message_client_notice.h; sourceTree = "<group>"; };
		93EB5EFA1BEFCBE000B3A2C2 /* chat_message_text.h */ = {isa = PBXFileReference; lastKnownFileType = sourcecode.c.h; path = chat_message_text.h; sourceTree = "<group>"; };
		93EB5EFB1BEFCC0E00B3A2C2 /* chat_message_text2.h */ = {isa = PBXFileReference; lastKnownFileType = sourcecode.c.h; path = chat_message_text2.h; sourceTree = "<group>"; };
		93EB5EFC1BEFCC7400B3A2C2 /* chat_data_packet.h */ = {isa = PBXFileReference; lastKnownFileType = sourcecode.c.h; path = chat_data_packet.h; sourceTree = "<group>"; };
		93EB5EFD1BEFCCC200B3A2C2 /* chat_client_controller.h */ = {isa = PBXFileReference; lastKnownFileType = sourcecode.c.h; path = chat_client_controller.h; sourceTree = "<group>"; };
		93EB5EFE1BEFCCEE00B3A2C2 /* chat_connection.h */ = {isa = PBXFileReference; lastKnownFileType = sourcecode.c.h; path = chat_connection.h; sourceTree = "<group>"; };
		93EB5EFF1BEFCD2000B3A2C2 /* chat_server_connection.h */ = {isa = PBXFileReference; lastKnownFileType = sourcecode.c.h; path = chat_server_connection.h; sourceTree = "<group>"; };
		93EB5F001BEFCD4100B3A2C2 /* chat_client_connection.h */ = {isa = PBXFileReference; lastKnownFileType = sourcecode.c.h; path = chat_client_connection.h; sourceTree = "<group>"; };
		93EB5F011BEFCD7700B3A2C2 /* input_handler.h */ = {isa = PBXFileReference; lastKnownFileType = sourcecode.c.h; path = input_handler.h; sourceTree = "<group>"; };
		93EB5F021BEFCDFA00B3A2C2 /* chat_server.h */ = {isa = PBXFileReference; lastKnownFileType = sourcecode.c.h; path = chat_server.h; sourceTree = "<group>"; };
		93EB5F031BEFD0AC00B3A2C2 /* chat_data_packet.cpp */ = {isa = PBXFileReference; fileEncoding = 4; lastKnownFileType = sourcecode.cpp.cpp; path = chat_data_packet.cpp; sourceTree = "<group>"; };
		93EB5F061BEFD29700B3A2C2 /* chat_server.cpp */ = {isa = PBXFileReference; fileEncoding = 4; lastKnownFileType = sourcecode.cpp.cpp; path = chat_server.cpp; sourceTree = "<group>"; };
		93EB5F081BEFD46400B3A2C2 /* chat_connection.cpp */ = {isa = PBXFileReference; fileEncoding = 4; lastKnownFileType = sourcecode.cpp.cpp; path = chat_connection.cpp; sourceTree = "<group>"; };
		93EB5F0A1BEFD78000B3A2C2 /* input_handler.cpp */ = {isa = PBXFileReference; fileEncoding = 4; lastKnownFileType = sourcecode.cpp.cpp; path = input_handler.cpp; sourceTree = "<group>"; };
		93EB5F0C1BEFD86100B3A2C2 /* libcryptopp.so */ = {isa = PBXFileReference; lastKnownFileType = "compiled.mach-o.dylib"; name = libcryptopp.so; path = ../../../../../usr/local/lib/libcryptopp.so; sourceTree = "<group>"; };
		93EB5F0F1BEFD90E00B3A2C2 /* chat_message.cpp */ = {isa = PBXFileReference; fileEncoding = 4; lastKnownFileType = sourcecode.cpp.cpp; path = chat_message.cpp; sourceTree = "<group>"; };
		93FA07431BF0FBAB00DF5111 /* chat_message_text.cpp */ = {isa = PBXFileReference; fileEncoding = 4; lastKnownFileType = sourcecode.cpp.cpp; path = chat_message_text.cpp; sourceTree = "<group>"; };
		93FA07451BF0FD2000DF5111 /* chat_message_text2.cpp */ = {isa = PBXFileReference; fileEncoding = 4; lastKnownFileType = sourcecode.cpp.cpp; path = chat_message_text2.cpp; sourceTree = "<group>"; };
		93FA07471BF0FD8700DF5111 /* chat_message_client_notice.cpp */ = {isa = PBXFileReference; fileEncoding = 4; lastKnownFileType = sourcecode.cpp.cpp; path = chat_message_client_notice.cpp; sourceTree = "<group>"; };
		93FA07491BF0FE1200DF5111 /* chat_server_connection.cpp */ = {isa = PBXFileReference; fileEncoding = 4; lastKnownFileType = sourcecode.cpp.cpp; path = chat_server_connection.cpp; sourceTree = "<group>"; };
		93FA074B1BF0FE9300DF5111 /* chat_client_connection.cpp */ = {isa = PBXFileReference; fileEncoding = 4; lastKnownFileType = sourcecode.cpp.cpp; path = chat_client_connection.cpp; sourceTree = "<group>"; };
		93FA074D1BF1019B00DF5111 /* server_options.cpp */ = {isa = PBXFileReference; fileEncoding = 4; lastKnownFileType = sourcecode.cpp.cpp; path = server_options.cpp; sourceTree = "<group>"; };
		93FA074E1BF1019B00DF5111 /* server_options.hpp */ = {isa = PBXFileReference; fileEncoding = 4; lastKnownFileType = sourcecode.cpp.h; path = server_options.hpp; sourceTree = "<group>"; };
		93FA07671BF1036C00DF5111 /* client */ = {isa = PBXFileReference; explicitFileType = "compiled.mach-o.executable"; includeInIndex = 0; path = client; sourceTree = BUILT_PRODUCTS_DIR; };
		93FA07681BF1055F00DF5111 /* client.cpp */ = {isa = PBXFileReference; fileEncoding = 4; lastKnownFileType = sourcecode.cpp.cpp; path = client.cpp; sourceTree = "<group>"; };
		93FA076A1BF1060000DF5111 /* client_options.cpp */ = {isa = PBXFileReference; fileEncoding = 4; lastKnownFileType = sourcecode.cpp.cpp; path = client_options.cpp; sourceTree = "<group>"; };
		93FA076B1BF1060000DF5111 /* client_options.hpp */ = {isa = PBXFileReference; fileEncoding = 4; lastKnownFileType = sourcecode.cpp.h; path = client_options.hpp; sourceTree = "<group>"; };
		93FA076D1BF108D200DF5111 /* chat_client.cpp */ = {isa = PBXFileReference; fileEncoding = 4; lastKnownFileType = sourcecode.cpp.cpp; path = chat_client.cpp; sourceTree = "<group>"; };
		93FA076E1BF108D200DF5111 /* chat_client.h */ = {isa = PBXFileReference; fileEncoding = 4; lastKnownFileType = sourcecode.c.h; path = chat_client.h; sourceTree = "<group>"; };
/* End PBXFileReference section */

/* Begin PBXFrameworksBuildPhase section */
		93898AE51BEE40260049D1DC /* Frameworks */ = {
			isa = PBXFrameworksBuildPhase;
			buildActionMask = 2147483647;
			files = (
				93EB5F0E1BEFD8DE00B3A2C2 /* libcryptopp.so in Frameworks */,
				93EB5EF61BEF84F300B3A2C2 /* libboost_serialization.dylib in Frameworks */,
				93EB5EF41BEE577F00B3A2C2 /* libboost_program_options.dylib in Frameworks */,
				93EB5EF21BEE4CC800B3A2C2 /* libboost_system.dylib in Frameworks */,
			);
			runOnlyForDeploymentPostprocessing = 0;
		};
		93FA075E1BF1036C00DF5111 /* Frameworks */ = {
			isa = PBXFrameworksBuildPhase;
			buildActionMask = 2147483647;
			files = (
				93FA075F1BF1036C00DF5111 /* libcryptopp.so in Frameworks */,
				93FA07601BF1036C00DF5111 /* libboost_serialization.dylib in Frameworks */,
				93FA07611BF1036C00DF5111 /* libboost_program_options.dylib in Frameworks */,
				93FA07621BF1036C00DF5111 /* libboost_system.dylib in Frameworks */,
			);
			runOnlyForDeploymentPostprocessing = 0;
		};
/* End PBXFrameworksBuildPhase section */

/* Begin PBXGroup section */
		93898ADF1BEE40260049D1DC = {
			isa = PBXGroup;
			children = (
				935499361BF5241A003D11E7 /* libboost_thread.dylib */,
				93EB5F0C1BEFD86100B3A2C2 /* libcryptopp.so */,
				93EB5EF51BEF84F300B3A2C2 /* libboost_serialization.dylib */,
				93EB5EF31BEE577F00B3A2C2 /* libboost_program_options.dylib */,
				93EB5EF11BEE4CC800B3A2C2 /* libboost_system.dylib */,
				93898AEA1BEE40260049D1DC /* async_chat */,
				93898AE91BEE40260049D1DC /* Products */,
			);
			sourceTree = "<group>";
		};
		93898AE91BEE40260049D1DC /* Products */ = {
			isa = PBXGroup;
			children = (
				93898AE81BEE40260049D1DC /* server */,
				93FA07671BF1036C00DF5111 /* client */,
			);
			name = Products;
			sourceTree = "<group>";
		};
		93898AEA1BEE40260049D1DC /* async_chat */ = {
			isa = PBXGroup;
			children = (
				93898AEB1BEE40260049D1DC /* server.cpp */,
				93FA07681BF1055F00DF5111 /* client.cpp */,
				93EB5EF81BEFCB4600B3A2C2 /* chat_message.h */,
				93EB5EF91BEFCBB300B3A2C2 /* chat_message_client_notice.h */,
				93EB5EFA1BEFCBE000B3A2C2 /* chat_message_text.h */,
				93EB5EFB1BEFCC0E00B3A2C2 /* chat_message_text2.h */,
				93EB5EFC1BEFCC7400B3A2C2 /* chat_data_packet.h */,
				93EB5EFD1BEFCCC200B3A2C2 /* chat_client_controller.h */,
				93EB5EFE1BEFCCEE00B3A2C2 /* chat_connection.h */,
				93EB5EFF1BEFCD2000B3A2C2 /* chat_server_connection.h */,
				93EB5F001BEFCD4100B3A2C2 /* chat_client_connection.h */,
				93EB5F011BEFCD7700B3A2C2 /* input_handler.h */,
				93EB5F021BEFCDFA00B3A2C2 /* chat_server.h */,
				93EB5F031BEFD0AC00B3A2C2 /* chat_data_packet.cpp */,
				93EB5F061BEFD29700B3A2C2 /* chat_server.cpp */,
				93EB5F081BEFD46400B3A2C2 /* chat_connection.cpp */,
				93EB5F0A1BEFD78000B3A2C2 /* input_handler.cpp */,
				93EB5F0F1BEFD90E00B3A2C2 /* chat_message.cpp */,
				93FA07431BF0FBAB00DF5111 /* chat_message_text.cpp */,
				93FA07451BF0FD2000DF5111 /* chat_message_text2.cpp */,
				93FA07471BF0FD8700DF5111 /* chat_message_client_notice.cpp */,
				93FA07491BF0FE1200DF5111 /* chat_server_connection.cpp */,
				93FA074B1BF0FE9300DF5111 /* chat_client_connection.cpp */,
				93FA074D1BF1019B00DF5111 /* server_options.cpp */,
				93FA074E1BF1019B00DF5111 /* server_options.hpp */,
				93FA076A1BF1060000DF5111 /* client_options.cpp */,
				93FA076B1BF1060000DF5111 /* client_options.hpp */,
				93FA076D1BF108D200DF5111 /* chat_client.cpp */,
				93FA076E1BF108D200DF5111 /* chat_client.h */,
				935499381BF63A95003D11E7 /* app.h */,
				935499391BF64838003D11E7 /* client_app.h */,
				9354993A1BF649F0003D11E7 /* client_app.cpp */,
				9354993C1BF64F1E003D11E7 /* app.cpp */,
				935499401BF657EA003D11E7 /* server_app.h */,
				935499411BF65861003D11E7 /* server_app.cpp */,
			);
			path = async_chat;
			sourceTree = "<group>";
		};
/* End PBXGroup section */

/* Begin PBXNativeTarget section */
		93898AE71BEE40260049D1DC /* server */ = {
			isa = PBXNativeTarget;
			buildConfigurationList = 93898AEF1BEE40260049D1DC /* Build configuration list for PBXNativeTarget "server" */;
			buildPhases = (
				93898AE41BEE40260049D1DC /* Sources */,
				93898AE51BEE40260049D1DC /* Frameworks */,
				93898AE61BEE40260049D1DC /* CopyFiles */,
			);
			buildRules = (
			);
			dependencies = (
			);
			name = server;
			productName = async_chat;
			productReference = 93898AE81BEE40260049D1DC /* server */;
			productType = "com.apple.product-type.tool";
		};
		93FA07501BF1036C00DF5111 /* client */ = {
			isa = PBXNativeTarget;
			buildConfigurationList = 93FA07641BF1036C00DF5111 /* Build configuration list for PBXNativeTarget "client" */;
			buildPhases = (
				93FA07511BF1036C00DF5111 /* Sources */,
				93FA075E1BF1036C00DF5111 /* Frameworks */,
				93FA07631BF1036C00DF5111 /* CopyFiles */,
			);
			buildRules = (
			);
			dependencies = (
			);
			name = client;
			productName = async_chat;
			productReference = 93FA07671BF1036C00DF5111 /* client */;
			productType = "com.apple.product-type.tool";
		};
/* End PBXNativeTarget section */

/* Begin PBXProject section */
		93898AE01BEE40260049D1DC /* Project object */ = {
			isa = PBXProject;
			attributes = {
				LastUpgradeCheck = 0700;
				ORGANIZATIONNAME = Reinis;
				TargetAttributes = {
					93898AE71BEE40260049D1DC = {
						CreatedOnToolsVersion = 7.0.1;
					};
				};
			};
			buildConfigurationList = 93898AE31BEE40260049D1DC /* Build configuration list for PBXProject "async_chat" */;
			compatibilityVersion = "Xcode 3.2";
			developmentRegion = English;
			hasScannedForEncodings = 0;
			knownRegions = (
				en,
			);
			mainGroup = 93898ADF1BEE40260049D1DC;
			productRefGroup = 93898AE91BEE40260049D1DC /* Products */;
			projectDirPath = "";
			projectRoot = "";
			targets = (
				93898AE71BEE40260049D1DC /* server */,
				93FA07501BF1036C00DF5111 /* client */,
			);
		};
/* End PBXProject section */

/* Begin PBXSourcesBuildPhase section */
		93898AE41BEE40260049D1DC /* Sources */ = {
			isa = PBXSourcesBuildPhase;
			buildActionMask = 2147483647;
			files = (
				93FA07441BF0FBAB00DF5111 /* chat_message_text.cpp in Sources */,
				935499421BF65861003D11E7 /* server_app.cpp in Sources */,
				93FA07461BF0FD2000DF5111 /* chat_message_text2.cpp in Sources */,
				93898AEC1BEE40260049D1DC /* server.cpp in Sources */,
				9354993D1BF64F1E003D11E7 /* app.cpp in Sources */,
				93EB5F0B1BEFD78000B3A2C2 /* input_handler.cpp in Sources */,
				93EB5F051BEFD0AC00B3A2C2 /* chat_data_packet.cpp in Sources */,
				93FA074F1BF1019B00DF5111 /* server_options.cpp in Sources */,
				93FA07481BF0FD8700DF5111 /* chat_message_client_notice.cpp in Sources */,
				93FA074A1BF0FE1200DF5111 /* chat_server_connection.cpp in Sources */,
				93EB5F101BEFD90E00B3A2C2 /* chat_message.cpp in Sources */,
				93EB5F071BEFD29700B3A2C2 /* chat_server.cpp in Sources */,
				93EB5F091BEFD46400B3A2C2 /* chat_connection.cpp in Sources */,
			);
			runOnlyForDeploymentPostprocessing = 0;
		};
		93FA07511BF1036C00DF5111 /* Sources */ = {
			isa = PBXSourcesBuildPhase;
			buildActionMask = 2147483647;
			files = (
				93FA07521BF1036C00DF5111 /* chat_message_text.cpp in Sources */,
				93FA07531BF1036C00DF5111 /* chat_message_text2.cpp in Sources */,
				93FA07691BF1055F00DF5111 /* client.cpp in Sources */,
				9354993F1BF651FB003D11E7 /* app.cpp in Sources */,
				93FA07551BF1036C00DF5111 /* input_handler.cpp in Sources */,
				93FA07561BF1036C00DF5111 /* chat_data_packet.cpp in Sources */,
				93FA07581BF1036C00DF5111 /* chat_message_client_notice.cpp in Sources */,
				93FA07591BF1036C00DF5111 /* chat_client_connection.cpp in Sources */,
				93FA075B1BF1036C00DF5111 /* chat_message.cpp in Sources */,
				93FA076C1BF1060000DF5111 /* client_options.cpp in Sources */,
				93FA076F1BF108D200DF5111 /* chat_client.cpp in Sources */,
				9354993E1BF651C1003D11E7 /* client_app.cpp in Sources */,
				93FA075D1BF1036C00DF5111 /* chat_connection.cpp in Sources */,
			);
			runOnlyForDeploymentPostprocessing = 0;
		};
/* End PBXSourcesBuildPhase section */

/* Begin XCBuildConfiguration section */
		93898AED1BEE40260049D1DC /* Debug */ = {
			isa = XCBuildConfiguration;
			buildSettings = {
				ALWAYS_SEARCH_USER_PATHS = NO;
				CLANG_CXX_LANGUAGE_STANDARD = "gnu++0x";
				CLANG_CXX_LIBRARY = "libc++";
				CLANG_ENABLE_MODULES = YES;
				CLANG_ENABLE_OBJC_ARC = YES;
				CLANG_WARN_BOOL_CONVERSION = YES;
				CLANG_WARN_CONSTANT_CONVERSION = YES;
				CLANG_WARN_DIRECT_OBJC_ISA_USAGE = YES_ERROR;
				CLANG_WARN_EMPTY_BODY = YES;
				CLANG_WARN_ENUM_CONVERSION = YES;
				CLANG_WARN_INT_CONVERSION = YES;
				CLANG_WARN_OBJC_ROOT_CLASS = YES_ERROR;
				CLANG_WARN_UNREACHABLE_CODE = YES;
				CLANG_WARN__DUPLICATE_METHOD_MATCH = YES;
				COPY_PHASE_STRIP = NO;
				DEBUG_INFORMATION_FORMAT = dwarf;
				ENABLE_STRICT_OBJC_MSGSEND = YES;
				ENABLE_TESTABILITY = YES;
				GCC_C_LANGUAGE_STANDARD = gnu99;
				GCC_DYNAMIC_NO_PIC = NO;
				GCC_NO_COMMON_BLOCKS = YES;
				GCC_OPTIMIZATION_LEVEL = 0;
				GCC_PREPROCESSOR_DEFINITIONS = (
					"DEBUG=1",
					"$(inherited)",
				);
				GCC_WARN_64_TO_32_BIT_CONVERSION = YES;
				GCC_WARN_ABOUT_RETURN_TYPE = YES_ERROR;
				GCC_WARN_UNDECLARED_SELECTOR = YES;
				GCC_WARN_UNINITIALIZED_AUTOS = YES_AGGRESSIVE;
				GCC_WARN_UNUSED_FUNCTION = YES;
				GCC_WARN_UNUSED_VARIABLE = YES;
				HEADER_SEARCH_PATHS = /usr/local/include;
				LIBRARY_SEARCH_PATHS = /usr/local/lib;
				MACOSX_DEPLOYMENT_TARGET = 10.10;
				MTL_ENABLE_DEBUG_INFO = YES;
				ONLY_ACTIVE_ARCH = YES;
				SDKROOT = macosx;
			};
			name = Debug;
		};
		93898AEE1BEE40260049D1DC /* Release */ = {
			isa = XCBuildConfiguration;
			buildSettings = {
				ALWAYS_SEARCH_USER_PATHS = NO;
				CLANG_CXX_LANGUAGE_STANDARD = "gnu++0x";
				CLANG_CXX_LIBRARY = "libc++";
				CLANG_ENABLE_MODULES = YES;
				CLANG_ENABLE_OBJC_ARC = YES;
				CLANG_WARN_BOOL_CONVERSION = YES;
				CLANG_WARN_CONSTANT_CONVERSION = YES;
				CLANG_WARN_DIRECT_OBJC_ISA_USAGE = YES_ERROR;
				CLANG_WARN_EMPTY_BODY = YES;
				CLANG_WARN_ENUM_CONVERSION = YES;
				CLANG_WARN_INT_CONVERSION = YES;
				CLANG_WARN_OBJC_ROOT_CLASS = YES_ERROR;
				CLANG_WARN_UNREACHABLE_CODE = YES;
				CLANG_WARN__DUPLICATE_METHOD_MATCH = YES;
				COPY_PHASE_STRIP = NO;
				DEBUG_INFORMATION_FORMAT = "dwarf-with-dsym";
				ENABLE_NS_ASSERTIONS = NO;
				ENABLE_STRICT_OBJC_MSGSEND = YES;
				GCC_C_LANGUAGE_STANDARD = gnu99;
				GCC_NO_COMMON_BLOCKS = YES;
				GCC_WARN_64_TO_32_BIT_CONVERSION = YES;
				GCC_WARN_ABOUT_RETURN_TYPE = YES_ERROR;
				GCC_WARN_UNDECLARED_SELECTOR = YES;
				GCC_WARN_UNINITIALIZED_AUTOS = YES_AGGRESSIVE;
				GCC_WARN_UNUSED_FUNCTION = YES;
				GCC_WARN_UNUSED_VARIABLE = YES;
				HEADER_SEARCH_PATHS = /usr/local/include;
				LIBRARY_SEARCH_PATHS = /usr/local/lib;
				MACOSX_DEPLOYMENT_TARGET = 10.10;
				MTL_ENABLE_DEBUG_INFO = NO;
				SDKROOT = macosx;
			};
			name = Release;
		};
		93898AF01BEE40260049D1DC /* Debug */ = {
			isa = XCBuildConfiguration;
			buildSettings = {
				PRODUCT_NAME = "$(TARGET_NAME)";
			};
			name = Debug;
		};
		93898AF11BEE40260049D1DC /* Release */ = {
			isa = XCBuildConfiguration;
			buildSettings = {
				PRODUCT_NAME = "$(TARGET_NAME)";
			};
			name = Release;
		};
		93FA07651BF1036C00DF5111 /* Debug */ = {
			isa = XCBuildConfiguration;
			buildSettings = {
				PRODUCT_NAME = "$(TARGET_NAME)";
			};
			name = Debug;
		};
		93FA07661BF1036C00DF5111 /* Release */ = {
			isa = XCBuildConfiguration;
			buildSettings = {
				PRODUCT_NAME = "$(TARGET_NAME)";
			};
			name = Release;
		};
/* End XCBuildConfiguration section */

/* Begin XCConfigurationList section */
		93898AE31BEE40260049D1DC /* Build configuration list for PBXProject "async_chat" */ = {
			isa = XCConfigurationList;
			buildConfigurations = (
				93898AED1BEE40260049D1DC /* Debug */,
				93898AEE1BEE40260049D1DC /* Release */,
			);
			defaultConfigurationIsVisible = 0;
			defaultConfigurationName = Release;
		};
		93898AEF1BEE40260049D1DC /* Build configuration list for PBXNativeTarget "server" */ = {
			isa = XCConfigurationList;
			buildConfigurations = (
				93898AF01BEE40260049D1DC /* Debug */,
				93898AF11BEE40260049D1DC /* Release */,
			);
			defaultConfigurationIsVisible = 0;
			defaultConfigurationName = Release;
		};
		93FA07641BF1036C00DF5111 /* Build configuration list for PBXNativeTarget "client" */ = {
			isa = XCConfigurationList;
			buildConfigurations = (
				93FA07651BF1036C00DF5111 /* Debug */,
				93FA07661BF1036C00DF5111 /* Release */,
			);
			defaultConfigurationIsVisible = 0;
			defaultConfigurationName = Release;
		};
/* End XCConfigurationList section */
	};
	rootObject = 93898AE01BEE40260049D1DC /* Project object */;
}
